// !$*UTF8*$!
{
	archiveVersion = 1;
	classes = {
	};
	objectVersion = 46;
	objects = {

/* Begin PBXBuildFile section */
		FAF26DB51C831074002A0442 /* AppDelegate.swift in Sources */ = {isa = PBXBuildFile; fileRef = FAF26DB41C831074002A0442 /* AppDelegate.swift */; };
		FAF26DB71C831074002A0442 /* ViewController.swift in Sources */ = {isa = PBXBuildFile; fileRef = FAF26DB61C831074002A0442 /* ViewController.swift */; };
		FAF26DBA1C831074002A0442 /* Main.storyboard in Resources */ = {isa = PBXBuildFile; fileRef = FAF26DB81C831074002A0442 /* Main.storyboard */; };
		FAF26DBC1C831074002A0442 /* Assets.xcassets in Resources */ = {isa = PBXBuildFile; fileRef = FAF26DBB1C831074002A0442 /* Assets.xcassets */; };
		FAF26DBF1C831074002A0442 /* LaunchScreen.storyboard in Resources */ = {isa = PBXBuildFile; fileRef = FAF26DBD1C831074002A0442 /* LaunchScreen.storyboard */; };
		FAF26DCA1C831074002A0442 /* VeriTasimaTests.swift in Sources */ = {isa = PBXBuildFile; fileRef = FAF26DC91C831074002A0442 /* VeriTasimaTests.swift */; };
		FAF26DD51C831074002A0442 /* VeriTasimaUITests.swift in Sources */ = {isa = PBXBuildFile; fileRef = FAF26DD41C831074002A0442 /* VeriTasimaUITests.swift */; };
/* End PBXBuildFile section */

/* Begin PBXContainerItemProxy section */
		FAF26DC61C831074002A0442 /* PBXContainerItemProxy */ = {
			isa = PBXContainerItemProxy;
			containerPortal = FAF26DA91C831074002A0442 /* Project object */;
			proxyType = 1;
			remoteGlobalIDString = FAF26DB01C831074002A0442;
			remoteInfo = VeriTasima;
		};
		FAF26DD11C831074002A0442 /* PBXContainerItemProxy */ = {
			isa = PBXContainerItemProxy;
			containerPortal = FAF26DA91C831074002A0442 /* Project object */;
			proxyType = 1;
			remoteGlobalIDString = FAF26DB01C831074002A0442;
			remoteInfo = VeriTasima;
		};
/* End PBXContainerItemProxy section */

/* Begin PBXFileReference section */
		FAF26DB11C831074002A0442 /* VeriTasima.app */ = {isa = PBXFileReference; explicitFileType = wrapper.application; includeInIndex = 0; path = VeriTasima.app; sourceTree = BUILT_PRODUCTS_DIR; };
		FAF26DB41C831074002A0442 /* AppDelegate.swift */ = {isa = PBXFileReference; lastKnownFileType = sourcecode.swift; path = AppDelegate.swift; sourceTree = "<group>"; };
		FAF26DB61C831074002A0442 /* ViewController.swift */ = {isa = PBXFileReference; lastKnownFileType = sourcecode.swift; path = ViewController.swift; sourceTree = "<group>"; };
		FAF26DB91C831074002A0442 /* Base */ = {isa = PBXFileReference; lastKnownFileType = file.storyboard; name = Base; path = Base.lproj/Main.storyboard; sourceTree = "<group>"; };
		FAF26DBB1C831074002A0442 /* Assets.xcassets */ = {isa = PBXFileReference; lastKnownFileType = folder.assetcatalog; path = Assets.xcassets; sourceTree = "<group>"; };
		FAF26DBE1C831074002A0442 /* Base */ = {isa = PBXFileReference; lastKnownFileType = file.storyboard; name = Base; path = Base.lproj/LaunchScreen.storyboard; sourceTree = "<group>"; };
		FAF26DC01C831074002A0442 /* Info.plist */ = {isa = PBXFileReference; lastKnownFileType = text.plist.xml; path = Info.plist; sourceTree = "<group>"; };
		FAF26DC51C831074002A0442 /* VeriTasimaTests.xctest */ = {isa = PBXFileReference; explicitFileType = wrapper.cfbundle; includeInIndex = 0; path = VeriTasimaTests.xctest; sourceTree = BUILT_PRODUCTS_DIR; };
		FAF26DC91C831074002A0442 /* VeriTasimaTests.swift */ = {isa = PBXFileReference; lastKnownFileType = sourcecode.swift; path = VeriTasimaTests.swift; sourceTree = "<group>"; };
		FAF26DCB1C831074002A0442 /* Info.plist */ = {isa = PBXFileReference; lastKnownFileType = text.plist.xml; path = Info.plist; sourceTree = "<group>"; };
		FAF26DD01C831074002A0442 /* VeriTasimaUITests.xctest */ = {isa = PBXFileReference; explicitFileType = wrapper.cfbundle; includeInIndex = 0; path = VeriTasimaUITests.xctest; sourceTree = BUILT_PRODUCTS_DIR; };
		FAF26DD41C831074002A0442 /* VeriTasimaUITests.swift */ = {isa = PBXFileReference; lastKnownFileType = sourcecode.swift; path = VeriTasimaUITests.swift; sourceTree = "<group>"; };
		FAF26DD61C831074002A0442 /* Info.plist */ = {isa = PBXFileReference; lastKnownFileType = text.plist.xml; path = Info.plist; sourceTree = "<group>"; };
/* End PBXFileReference section */

/* Begin PBXFrameworksBuildPhase section */
		FAF26DAE1C831074002A0442 /* Frameworks */ = {
			isa = PBXFrameworksBuildPhase;
			buildActionMask = 2147483647;
			files = (
			);
			runOnlyForDeploymentPostprocessing = 0;
		};
		FAF26DC21C831074002A0442 /* Frameworks */ = {
			isa = PBXFrameworksBuildPhase;
			buildActionMask = 2147483647;
			files = (
			);
			runOnlyForDeploymentPostprocessing = 0;
		};
		FAF26DCD1C831074002A0442 /* Frameworks */ = {
			isa = PBXFrameworksBuildPhase;
			buildActionMask = 2147483647;
			files = (
			);
			runOnlyForDeploymentPostprocessing = 0;
		};
/* End PBXFrameworksBuildPhase section */

/* Begin PBXGroup section */
		FAF26DA81C831074002A0442 = {
			isa = PBXGroup;
			children = (
				FAF26DB31C831074002A0442 /* VeriTasima */,
				FAF26DC81C831074002A0442 /* VeriTasimaTests */,
				FAF26DD31C831074002A0442 /* VeriTasimaUITests */,
				FAF26DB21C831074002A0442 /* Products */,
			);
			sourceTree = "<group>";
		};
		FAF26DB21C831074002A0442 /* Products */ = {
			isa = PBXGroup;
			children = (
				FAF26DB11C831074002A0442 /* VeriTasima.app */,
				FAF26DC51C831074002A0442 /* VeriTasimaTests.xctest */,
				FAF26DD01C831074002A0442 /* VeriTasimaUITests.xctest */,
			);
			name = Products;
			sourceTree = "<group>";
		};
		FAF26DB31C831074002A0442 /* VeriTasima */ = {
			isa = PBXGroup;
			children = (
				FAF26DB41C831074002A0442 /* AppDelegate.swift */,
				FAF26DB61C831074002A0442 /* ViewController.swift */,
				FAF26DB81C831074002A0442 /* Main.storyboard */,
				FAF26DBB1C831074002A0442 /* Assets.xcassets */,
				FAF26DBD1C831074002A0442 /* LaunchScreen.storyboard */,
				FAF26DC01C831074002A0442 /* Info.plist */,
			);
			path = VeriTasima;
			sourceTree = "<group>";
		};
		FAF26DC81C831074002A0442 /* VeriTasimaTests */ = {
			isa = PBXGroup;
			children = (
				FAF26DC91C831074002A0442 /* VeriTasimaTests.swift */,
				FAF26DCB1C831074002A0442 /* Info.plist */,
			);
			path = VeriTasimaTests;
			sourceTree = "<group>";
		};
		FAF26DD31C831074002A0442 /* VeriTasimaUITests */ = {
			isa = PBXGroup;
			children = (
				FAF26DD41C831074002A0442 /* VeriTasimaUITests.swift */,
				FAF26DD61C831074002A0442 /* Info.plist */,
			);
			path = VeriTasimaUITests;
			sourceTree = "<group>";
		};
/* End PBXGroup section */

/* Begin PBXNativeTarget section */
		FAF26DB01C831074002A0442 /* VeriTasima */ = {
			isa = PBXNativeTarget;
			buildConfigurationList = FAF26DD91C831074002A0442 /* Build configuration list for PBXNativeTarget "VeriTasima" */;
			buildPhases = (
				FAF26DAD1C831074002A0442 /* Sources */,
				FAF26DAE1C831074002A0442 /* Frameworks */,
				FAF26DAF1C831074002A0442 /* Resources */,
			);
			buildRules = (
			);
			dependencies = (
			);
			name = VeriTasima;
			productName = VeriTasima;
			productReference = FAF26DB11C831074002A0442 /* VeriTasima.app */;
			productType = "com.apple.product-type.application";
		};
		FAF26DC41C831074002A0442 /* VeriTasimaTests */ = {
			isa = PBXNativeTarget;
			buildConfigurationList = FAF26DDC1C831074002A0442 /* Build configuration list for PBXNativeTarget "VeriTasimaTests" */;
			buildPhases = (
				FAF26DC11C831074002A0442 /* Sources */,
				FAF26DC21C831074002A0442 /* Frameworks */,
				FAF26DC31C831074002A0442 /* Resources */,
			);
			buildRules = (
			);
			dependencies = (
				FAF26DC71C831074002A0442 /* PBXTargetDependency */,
			);
			name = VeriTasimaTests;
			productName = VeriTasimaTests;
			productReference = FAF26DC51C831074002A0442 /* VeriTasimaTests.xctest */;
			productType = "com.apple.product-type.bundle.unit-test";
		};
		FAF26DCF1C831074002A0442 /* VeriTasimaUITests */ = {
			isa = PBXNativeTarget;
			buildConfigurationList = FAF26DDF1C831074002A0442 /* Build configuration list for PBXNativeTarget "VeriTasimaUITests" */;
			buildPhases = (
				FAF26DCC1C831074002A0442 /* Sources */,
				FAF26DCD1C831074002A0442 /* Frameworks */,
				FAF26DCE1C831074002A0442 /* Resources */,
			);
			buildRules = (
			);
			dependencies = (
				FAF26DD21C831074002A0442 /* PBXTargetDependency */,
			);
			name = VeriTasimaUITests;
			productName = VeriTasimaUITests;
			productReference = FAF26DD01C831074002A0442 /* VeriTasimaUITests.xctest */;
			productType = "com.apple.product-type.bundle.ui-testing";
		};
/* End PBXNativeTarget section */

/* Begin PBXProject section */
		FAF26DA91C831074002A0442 /* Project object */ = {
			isa = PBXProject;
			attributes = {
				LastSwiftUpdateCheck = 0720;
				LastUpgradeCheck = 0720;
				ORGANIZATIONNAME = sgumus;
				TargetAttributes = {
					FAF26DB01C831074002A0442 = {
						CreatedOnToolsVersion = 7.2;
						DevelopmentTeam = 2R3UAAJ4GL;
					};
					FAF26DC41C831074002A0442 = {
						CreatedOnToolsVersion = 7.2;
						DevelopmentTeam = 2R3UAAJ4GL;
						TestTargetID = FAF26DB01C831074002A0442;
					};
					FAF26DCF1C831074002A0442 = {
						CreatedOnToolsVersion = 7.2;
						DevelopmentTeam = 2R3UAAJ4GL;
						TestTargetID = FAF26DB01C831074002A0442;
					};
				};
			};
			buildConfigurationList = FAF26DAC1C831074002A0442 /* Build configuration list for PBXProject "VeriTasima" */;
			compatibilityVersion = "Xcode 3.2";
			developmentRegion = English;
			hasScannedForEncodings = 0;
			knownRegions = (
				en,
				Base,
			);
			mainGroup = FAF26DA81C831074002A0442;
			productRefGroup = FAF26DB21C831074002A0442 /* Products */;
			projectDirPath = "";
			projectRoot = "";
			targets = (
				FAF26DB01C831074002A0442 /* VeriTasima */,
				FAF26DC41C831074002A0442 /* VeriTasimaTests */,
				FAF26DCF1C831074002A0442 /* VeriTasimaUITests */,
			);
		};
/* End PBXProject section */

/* Begin PBXResourcesBuildPhase section */
		FAF26DAF1C831074002A0442 /* Resources */ = {
			isa = PBXResourcesBuildPhase;
			buildActionMask = 2147483647;
			files = (
				FAF26DBF1C831074002A0442 /* LaunchScreen.storyboard in Resources */,
				FAF26DBC1C831074002A0442 /* Assets.xcassets in Resources */,
				FAF26DBA1C831074002A0442 /* Main.storyboard in Resources */,
			);
			runOnlyForDeploymentPostprocessing = 0;
		};
		FAF26DC31C831074002A0442 /* Resources */ = {
			isa = PBXResourcesBuildPhase;
			buildActionMask = 2147483647;
			files = (
			);
			runOnlyForDeploymentPostprocessing = 0;
		};
		FAF26DCE1C831074002A0442 /* Resources */ = {
			isa = PBXResourcesBuildPhase;
			buildActionMask = 2147483647;
			files = (
			);
			runOnlyForDeploymentPostprocessing = 0;
		};
/* End PBXResourcesBuildPhase section */

/* Begin PBXSourcesBuildPhase section */
		FAF26DAD1C831074002A0442 /* Sources */ = {
			isa = PBXSourcesBuildPhase;
			buildActionMask = 2147483647;
			files = (
				FAF26DB71C831074002A0442 /* ViewController.swift in Sources */,
				FAF26DB51C831074002A0442 /* AppDelegate.swift in Sources */,
			);
			runOnlyForDeploymentPostprocessing = 0;
		};
		FAF26DC11C831074002A0442 /* Sources */ = {
			isa = PBXSourcesBuildPhase;
			buildActionMask = 2147483647;
			files = (
				FAF26DCA1C831074002A0442 /* VeriTasimaTests.swift in Sources */,
			);
			runOnlyForDeploymentPostprocessing = 0;
		};
		FAF26DCC1C831074002A0442 /* Sources */ = {
			isa = PBXSourcesBuildPhase;
			buildActionMask = 2147483647;
			files = (
				FAF26DD51C831074002A0442 /* VeriTasimaUITests.swift in Sources */,
			);
			runOnlyForDeploymentPostprocessing = 0;
		};
/* End PBXSourcesBuildPhase section */

/* Begin PBXTargetDependency section */
		FAF26DC71C831074002A0442 /* PBXTargetDependency */ = {
			isa = PBXTargetDependency;
			target = FAF26DB01C831074002A0442 /* VeriTasima */;
			targetProxy = FAF26DC61C831074002A0442 /* PBXContainerItemProxy */;
		};
		FAF26DD21C831074002A0442 /* PBXTargetDependency */ = {
			isa = PBXTargetDependency;
			target = FAF26DB01C831074002A0442 /* VeriTasima */;
			targetProxy = FAF26DD11C831074002A0442 /* PBXContainerItemProxy */;
		};
/* End PBXTargetDependency section */

/* Begin PBXVariantGroup section */
		FAF26DB81C831074002A0442 /* Main.storyboard */ = {
			isa = PBXVariantGroup;
			children = (
				FAF26DB91C831074002A0442 /* Base */,
			);
			name = Main.storyboard;
			sourceTree = "<group>";
		};
		FAF26DBD1C831074002A0442 /* LaunchScreen.storyboard */ = {
			isa = PBXVariantGroup;
			children = (
				FAF26DBE1C831074002A0442 /* Base */,
			);
			name = LaunchScreen.storyboard;
			sourceTree = "<group>";
		};
/* End PBXVariantGroup section */

/* Begin XCBuildConfiguration section */
		FAF26DD71C831074002A0442 /* Debug */ = {
			isa = XCBuildConfiguration;
			buildSettings = {
				ALWAYS_SEARCH_USER_PATHS = NO;
				CLANG_CXX_LANGUAGE_STANDARD = "gnu++0x";
				CLANG_CXX_LIBRARY = "libc++";
				CLANG_ENABLE_MODULES = YES;
				CLANG_ENABLE_OBJC_ARC = YES;
				CLANG_WARN_BOOL_CONVERSION = YES;
				CLANG_WARN_CONSTANT_CONVERSION = YES;
				CLANG_WARN_DIRECT_OBJC_ISA_USAGE = YES_ERROR;
				CLANG_WARN_EMPTY_BODY = YES;
				CLANG_WARN_ENUM_CONVERSION = YES;
				CLANG_WARN_INT_CONVERSION = YES;
				CLANG_WARN_OBJC_ROOT_CLASS = YES_ERROR;
				CLANG_WARN_UNREACHABLE_CODE = YES;
				CLANG_WARN__DUPLICATE_METHOD_MATCH = YES;
				"CODE_SIGN_IDENTITY[sdk=iphoneos*]" = "iPhone Developer";
				COPY_PHASE_STRIP = NO;
				DEBUG_INFORMATION_FORMAT = dwarf;
				ENABLE_STRICT_OBJC_MSGSEND = YES;
				ENABLE_TESTABILITY = YES;
				GCC_C_LANGUAGE_STANDARD = gnu99;
				GCC_DYNAMIC_NO_PIC = NO;
				GCC_NO_COMMON_BLOCKS = YES;
				GCC_OPTIMIZATION_LEVEL = 0;
				GCC_PREPROCESSOR_DEFINITIONS = (
					"DEBUG=1",
					"$(inherited)",
				);
				GCC_WARN_64_TO_32_BIT_CONVERSION = YES;
				GCC_WARN_ABOUT_RETURN_TYPE = YES_ERROR;
				GCC_WARN_UNDECLARED_SELECTOR = YES;
				GCC_WARN_UNINITIALIZED_AUTOS = YES_AGGRESSIVE;
				GCC_WARN_UNUSED_FUNCTION = YES;
				GCC_WARN_UNUSED_VARIABLE = YES;
				IPHONEOS_DEPLOYMENT_TARGET = 9.2;
				MTL_ENABLE_DEBUG_INFO = YES;
				ONLY_ACTIVE_ARCH = YES;
				SDKROOT = iphoneos;
				SWIFT_OPTIMIZATION_LEVEL = "-Onone";
			};
			name = Debug;
		};
		FAF26DD81C831074002A0442 /* Release */ = {
			isa = XCBuildConfiguration;
			buildSettings = {
				ALWAYS_SEARCH_USER_PATHS = NO;
				CLANG_CXX_LANGUAGE_STANDARD = "gnu++0x";
				CLANG_CXX_LIBRARY = "libc++";
				CLANG_ENABLE_MODULES = YES;
				CLANG_ENABLE_OBJC_ARC = YES;
				CLANG_WARN_BOOL_CONVERSION = YES;
				CLANG_WARN_CONSTANT_CONVERSION = YES;
				CLANG_WARN_DIRECT_OBJC_ISA_USAGE = YES_ERROR;
				CLANG_WARN_EMPTY_BODY = YES;
				CLANG_WARN_ENUM_CONVERSION = YES;
				CLANG_WARN_INT_CONVERSION = YES;
				CLANG_WARN_OBJC_ROOT_CLASS = YES_ERROR;
				CLANG_WARN_UNREACHABLE_CODE = YES;
				CLANG_WARN__DUPLICATE_METHOD_MATCH = YES;
				"CODE_SIGN_IDENTITY[sdk=iphoneos*]" = "iPhone Developer";
				COPY_PHASE_STRIP = NO;
				DEBUG_INFORMATION_FORMAT = "dwarf-with-dsym";
				ENABLE_NS_ASSERTIONS = NO;
				ENABLE_STRICT_OBJC_MSGSEND = YES;
				GCC_C_LANGUAGE_STANDARD = gnu99;
				GCC_NO_COMMON_BLOCKS = YES;
				GCC_WARN_64_TO_32_BIT_CONVERSION = YES;
				GCC_WARN_ABOUT_RETURN_TYPE = YES_ERROR;
				GCC_WARN_UNDECLARED_SELECTOR = YES;
				GCC_WARN_UNINITIALIZED_AUTOS = YES_AGGRESSIVE;
				GCC_WARN_UNUSED_FUNCTION = YES;
				GCC_WARN_UNUSED_VARIABLE = YES;
				IPHONEOS_DEPLOYMENT_TARGET = 9.2;
				MTL_ENABLE_DEBUG_INFO = NO;
				SDKROOT = iphoneos;
				VALIDATE_PRODUCT = YES;
			};
			name = Release;
		};
		FAF26DDA1C831074002A0442 /* Debug */ = {
			isa = XCBuildConfiguration;
			buildSettings = {
				ASSETCATALOG_COMPILER_APPICON_NAME = AppIcon;
				INFOPLIST_FILE = VeriTasima/Info.plist;
				LD_RUNPATH_SEARCH_PATHS = "$(inherited) @executable_path/Frameworks";
				PRODUCT_BUNDLE_IDENTIFIER = gumus.VeriTasima;
				PRODUCT_NAME = "$(TARGET_NAME)";
			};
			name = Debug;
		};
		FAF26DDB1C831074002A0442 /* Release */ = {
			isa = XCBuildConfiguration;
			buildSettings = {
				ASSETCATALOG_COMPILER_APPICON_NAME = AppIcon;
				INFOPLIST_FILE = VeriTasima/Info.plist;
				LD_RUNPATH_SEARCH_PATHS = "$(inherited) @executable_path/Frameworks";
				PRODUCT_BUNDLE_IDENTIFIER = gumus.VeriTasima;
				PRODUCT_NAME = "$(TARGET_NAME)";
			};
			name = Release;
		};
		FAF26DDD1C831074002A0442 /* Debug */ = {
			isa = XCBuildConfiguration;
			buildSettings = {
				BUNDLE_LOADER = "$(TEST_HOST)";
				INFOPLIST_FILE = VeriTasimaTests/Info.plist;
				LD_RUNPATH_SEARCH_PATHS = "$(inherited) @executable_path/Frameworks @loader_path/Frameworks";
				PRODUCT_BUNDLE_IDENTIFIER = gumus.VeriTasimaTests;
				PRODUCT_NAME = "$(TARGET_NAME)";
				TEST_HOST = "$(BUILT_PRODUCTS_DIR)/VeriTasima.app/VeriTasima";
			};
			name = Debug;
		};
		FAF26DDE1C831074002A0442 /* Release */ = {
			isa = XCBuildConfiguration;
			buildSettings = {
				BUNDLE_LOADER = "$(TEST_HOST)";
				INFOPLIST_FILE = VeriTasimaTests/Info.plist;
				LD_RUNPATH_SEARCH_PATHS = "$(inherited) @executable_path/Frameworks @loader_path/Frameworks";
				PRODUCT_BUNDLE_IDENTIFIER = gumus.VeriTasimaTests;
				PRODUCT_NAME = "$(TARGET_NAME)";
				TEST_HOST = "$(BUILT_PRODUCTS_DIR)/VeriTasima.app/VeriTasima";
			};
			name = Release;
		};
		FAF26DE01C831074002A0442 /* Debug */ = {
			isa = XCBuildConfiguration;
			buildSettings = {
				INFOPLIST_FILE = VeriTasimaUITests/Info.plist;
				LD_RUNPATH_SEARCH_PATHS = "$(inherited) @executable_path/Frameworks @loader_path/Frameworks";
				PRODUCT_BUNDLE_IDENTIFIER = gumus.VeriTasimaUITests;
				PRODUCT_NAME = "$(TARGET_NAME)";
				TEST_TARGET_NAME = VeriTasima;
				USES_XCTRUNNER = YES;
			};
			name = Debug;
		};
		FAF26DE11C831074002A0442 /* Release */ = {
			isa = XCBuildConfiguration;
			buildSettings = {
				INFOPLIST_FILE = VeriTasimaUITests/Info.plist;
				LD_RUNPATH_SEARCH_PATHS = "$(inherited) @executable_path/Frameworks @loader_path/Frameworks";
				PRODUCT_BUNDLE_IDENTIFIER = gumus.VeriTasimaUITests;
				PRODUCT_NAME = "$(TARGET_NAME)";
				TEST_TARGET_NAME = VeriTasima;
				USES_XCTRUNNER = YES;
			};
			name = Release;
		};
/* End XCBuildConfiguration section */

/* Begin XCConfigurationList section */
		FAF26DAC1C831074002A0442 /* Build configuration list for PBXProject "VeriTasima" */ = {
			isa = XCConfigurationList;
			buildConfigurations = (
				FAF26DD71C831074002A0442 /* Debug */,
				FAF26DD81C831074002A0442 /* Release */,
			);
			defaultConfigurationIsVisible = 0;
			defaultConfigurationName = Release;
		};
		FAF26DD91C831074002A0442 /* Build configuration list for PBXNativeTarget "VeriTasima" */ = {
			isa = XCConfigurationList;
			buildConfigurations = (
				FAF26DDA1C831074002A0442 /* Debug */,
				FAF26DDB1C831074002A0442 /* Release */,
			);
			defaultConfigurationIsVisible = 0;
		};
		FAF26DDC1C831074002A0442 /* Build configuration list for PBXNativeTarget "VeriTasimaTests" */ = {
			isa = XCConfigurationList;
			buildConfigurations = (
				FAF26DDD1C831074002A0442 /* Debug */,
				FAF26DDE1C831074002A0442 /* Release */,
			);
			defaultConfigurationIsVisible = 0;
		};
		FAF26DDF1C831074002A0442 /* Build configuration list for PBXNativeTarget "VeriTasimaUITests" */ = {
			isa = XCConfigurationList;
			buildConfigurations = (
				FAF26DE01C831074002A0442 /* Debug */,
				FAF26DE11C831074002A0442 /* Release */,
			);
			defaultConfigurationIsVisible = 0;
		};
/* End XCConfigurationList section */
	};
	rootObject = FAF26DA91C831074002A0442 /* Project object */;
}
